
Microsoft Visual Studio Solution File, Format Version 12.00
# Visual Studio Version 17
VisualStudioVersion = 17.8.34330.188
MinimumVisualStudioVersion = 10.0.40219.1
Project("{9A19103F-16F7-4668-BE54-9A1E7A4F7556}") = "TCPServer", "TCPServer\TCPServer.csproj", "{4CE2EF02-354D-4BB6-AD82-5A95082F95EF}"
EndProject
Project("{FAE04EC0-301F-11D3-BF4B-00C04F79EFBC}") = "TCPServerUnitTest", "TCPServerUnitTest\TCPServerUnitTest.csproj", "{A7CDD575-990F-4A6A-B51F-412F8A3EB6B0}"
EndProject
Project("{FAE04EC0-301F-11D3-BF4B-00C04F79EFBC}") = "TcpServer_Winform", "TcpServer_Winform\TcpServer_Winform.csproj", "{011CA9FE-8228-43BE-8CFB-971E36336E6D}"
EndProject
Global
	GlobalSection(SolutionConfigurationPlatforms) = preSolution
		Debug|Any CPU = Debug|Any CPU
		Release|Any CPU = Release|Any CPU
	EndGlobalSection
	GlobalSection(ProjectConfigurationPlatforms) = postSolution
		{4CE2EF02-354D-4BB6-AD82-5A95082F95EF}.Debug|Any CPU.ActiveCfg = Debug|Any CPU
		{4CE2EF02-354D-4BB6-AD82-5A95082F95EF}.Debug|Any CPU.Build.0 = Debug|Any CPU
		{4CE2EF02-354D-4BB6-AD82-5A95082F95EF}.Release|Any CPU.ActiveCfg = Release|Any CPU
		{4CE2EF02-354D-4BB6-AD82-5A95082F95EF}.Release|Any CPU.Build.0 = Release|Any CPU
		{A7CDD575-990F-4A6A-B51F-412F8A3EB6B0}.Debug|Any CPU.ActiveCfg = Debug|Any CPU
		{A7CDD575-990F-4A6A-B51F-412F8A3EB6B0}.Debug|Any CPU.Build.0 = Debug|Any CPU
		{A7CDD575-990F-4A6A-B51F-412F8A3EB6B0}.Release|Any CPU.ActiveCfg = Release|Any CPU
		{A7CDD575-990F-4A6A-B51F-412F8A3EB6B0}.Release|Any CPU.Build.0 = Release|Any CPU
		{011CA9FE-8228-43BE-8CFB-971E36336E6D}.Debug|Any CPU.ActiveCfg = Debug|Any CPU
		{011CA9FE-8228-43BE-8CFB-971E36336E6D}.Debug|Any CPU.Build.0 = Debug|Any CPU
		{011CA9FE-8228-43BE-8CFB-971E36336E6D}.Release|Any CPU.ActiveCfg = Release|Any CPU
		{011CA9FE-8228-43BE-8CFB-971E36336E6D}.Release|Any CPU.Build.0 = Release|Any CPU
	EndGlobalSection
	GlobalSection(SolutionProperties) = preSolution
		HideSolutionNode = FALSE
	EndGlobalSection
	GlobalSection(ExtensibilityGlobals) = postSolution
		SolutionGuid = {FF8D7ED2-0744-4E05-B2B9-4EDA1F1AE195}
	EndGlobalSection
EndGlobal
